
Microsoft Visual Studio Solution File, Format Version 12.00
# Visual Studio Version 17
VisualStudioVersion = 17.4.33122.133
MinimumVisualStudioVersion = 10.0.40219.1
Project("{FAE04EC0-301F-11D3-BF4B-00C04F79EFBC}") = "Alicunde", "Alicunde.csproj", "{AF93C1FA-1A35-439A-B36B-32E616B3A8BD}"
EndProject
Project("{FAE04EC0-301F-11D3-BF4B-00C04F79EFBC}") = "Alicunde.Application", "..\Alicunde.Application\Alicunde.Application.csproj", "{20E977D4-1082-4C59-9F04-168B7BEE74F8}"
EndProject
Project("{FAE04EC0-301F-11D3-BF4B-00C04F79EFBC}") = "Alicunde.Domain", "..\Alicunde.Domain\Alicunde.Domain.csproj", "{BFEF202E-95CC-46FD-BE6A-E25DA85B24E0}"
EndProject
Project("{FAE04EC0-301F-11D3-BF4B-00C04F79EFBC}") = "Alicunde.Infraestructure", "..\Alicunde.Infraestructure\Alicunde.Infraestructure.csproj", "{E7F38F1A-8E33-4BB4-A298-174D96296543}"
EndProject
Project("{FAE04EC0-301F-11D3-BF4B-00C04F79EFBC}") = "Alicunde.Domain.UnitTests", "..\Alicunde.Domain.UnitTests\Alicunde.Domain.UnitTests.csproj", "{31A3492C-03BC-4CC7-95AC-715EFAFDCCF2}"
EndProject
Project("{E53339B2-1760-4266-BCC7-CA923CBCF16C}") = "docker-compose", "docker-compose.dcproj", "{B76A0B0D-6145-4E44-835F-9ACDB0C6C70E}"
EndProject
Global
	GlobalSection(SolutionConfigurationPlatforms) = preSolution
		Debug|Any CPU = Debug|Any CPU
		Release|Any CPU = Release|Any CPU
	EndGlobalSection
	GlobalSection(ProjectConfigurationPlatforms) = postSolution
		{AF93C1FA-1A35-439A-B36B-32E616B3A8BD}.Debug|Any CPU.ActiveCfg = Debug|Any CPU
		{AF93C1FA-1A35-439A-B36B-32E616B3A8BD}.Debug|Any CPU.Build.0 = Debug|Any CPU
		{AF93C1FA-1A35-439A-B36B-32E616B3A8BD}.Release|Any CPU.ActiveCfg = Release|Any CPU
		{AF93C1FA-1A35-439A-B36B-32E616B3A8BD}.Release|Any CPU.Build.0 = Release|Any CPU
		{20E977D4-1082-4C59-9F04-168B7BEE74F8}.Debug|Any CPU.ActiveCfg = Debug|Any CPU
		{20E977D4-1082-4C59-9F04-168B7BEE74F8}.Debug|Any CPU.Build.0 = Debug|Any CPU
		{20E977D4-1082-4C59-9F04-168B7BEE74F8}.Release|Any CPU.ActiveCfg = Release|Any CPU
		{20E977D4-1082-4C59-9F04-168B7BEE74F8}.Release|Any CPU.Build.0 = Release|Any CPU
		{BFEF202E-95CC-46FD-BE6A-E25DA85B24E0}.Debug|Any CPU.ActiveCfg = Debug|Any CPU
		{BFEF202E-95CC-46FD-BE6A-E25DA85B24E0}.Debug|Any CPU.Build.0 = Debug|Any CPU
		{BFEF202E-95CC-46FD-BE6A-E25DA85B24E0}.Release|Any CPU.ActiveCfg = Release|Any CPU
		{BFEF202E-95CC-46FD-BE6A-E25DA85B24E0}.Release|Any CPU.Build.0 = Release|Any CPU
		{E7F38F1A-8E33-4BB4-A298-174D96296543}.Debug|Any CPU.ActiveCfg = Debug|Any CPU
		{E7F38F1A-8E33-4BB4-A298-174D96296543}.Debug|Any CPU.Build.0 = Debug|Any CPU
		{E7F38F1A-8E33-4BB4-A298-174D96296543}.Release|Any CPU.ActiveCfg = Release|Any CPU
		{E7F38F1A-8E33-4BB4-A298-174D96296543}.Release|Any CPU.Build.0 = Release|Any CPU
		{31A3492C-03BC-4CC7-95AC-715EFAFDCCF2}.Debug|Any CPU.ActiveCfg = Debug|Any CPU
		{31A3492C-03BC-4CC7-95AC-715EFAFDCCF2}.Debug|Any CPU.Build.0 = Debug|Any CPU
		{31A3492C-03BC-4CC7-95AC-715EFAFDCCF2}.Release|Any CPU.ActiveCfg = Release|Any CPU
		{31A3492C-03BC-4CC7-95AC-715EFAFDCCF2}.Release|Any CPU.Build.0 = Release|Any CPU
		{B76A0B0D-6145-4E44-835F-9ACDB0C6C70E}.Debug|Any CPU.ActiveCfg = Debug|Any CPU
		{B76A0B0D-6145-4E44-835F-9ACDB0C6C70E}.Debug|Any CPU.Build.0 = Debug|Any CPU
		{B76A0B0D-6145-4E44-835F-9ACDB0C6C70E}.Release|Any CPU.ActiveCfg = Release|Any CPU
		{B76A0B0D-6145-4E44-835F-9ACDB0C6C70E}.Release|Any CPU.Build.0 = Release|Any CPU
	EndGlobalSection
	GlobalSection(SolutionProperties) = preSolution
		HideSolutionNode = FALSE
	EndGlobalSection
	GlobalSection(ExtensibilityGlobals) = postSolution
		SolutionGuid = {4F2C8997-7E5C-42BE-B20A-56B7B1F34AB3}
	EndGlobalSection
EndGlobal
